
Microsoft Visual Studio Solution File, Format Version 12.00
# Visual Studio Version 16
VisualStudioVersion = 16.0.29806.167
MinimumVisualStudioVersion = 10.0.40219.1
Project("{9A19103F-16F7-4668-BE54-9A1E7A4F7556}") = "backend-api", "backend-api\backend-api.csproj", "{70B228C5-3017-407D-869D-A9EA9B62D8E1}"
EndProject
Project("{9A19103F-16F7-4668-BE54-9A1E7A4F7556}") = "Repositories", "Repositories\Repositories.csproj", "{158ED41F-71CB-4CDC-8269-24E89B3FCBE1}"
EndProject
Project("{9A19103F-16F7-4668-BE54-9A1E7A4F7556}") = "Domain.Services", "Domain.Services\Domain.Services.csproj", "{42F8E8E1-2808-4722-8B4E-1945B51D3FFE}"
EndProject
Project("{9A19103F-16F7-4668-BE54-9A1E7A4F7556}") = "Domain.DefinitionObjects", "Domain.DefinitionObjects\Domain.DefinitionObjects.csproj", "{0FA2C7F9-61D3-4F3F-9BBF-0D57460BEBF7}"
EndProject
Project("{9A19103F-16F7-4668-BE54-9A1E7A4F7556}") = "Data", "Data\Data.csproj", "{FC453B1A-D854-4B4E-90C1-560DB6D16F91}"
EndProject
Project("{9A19103F-16F7-4668-BE54-9A1E7A4F7556}") = "UserUnitTest", "UserUnitTest\UserUnitTest.csproj", "{1887F689-B015-4374-9699-38750FE900EC}"
EndProject
Project("{FAE04EC0-301F-11D3-BF4B-00C04F79EFBC}") = "FamilyMemberUnitTest", "FamilyMemberUnitTest\FamilyMemberUnitTest.csproj", "{9D3A905E-D9E6-48F2-B0A4-10C7971A50BC}"
EndProject
Global
	GlobalSection(SolutionConfigurationPlatforms) = preSolution
		Debug|Any CPU = Debug|Any CPU
		Release|Any CPU = Release|Any CPU
	EndGlobalSection
	GlobalSection(ProjectConfigurationPlatforms) = postSolution
		{70B228C5-3017-407D-869D-A9EA9B62D8E1}.Debug|Any CPU.ActiveCfg = Debug|Any CPU
		{70B228C5-3017-407D-869D-A9EA9B62D8E1}.Debug|Any CPU.Build.0 = Debug|Any CPU
		{70B228C5-3017-407D-869D-A9EA9B62D8E1}.Release|Any CPU.ActiveCfg = Release|Any CPU
		{70B228C5-3017-407D-869D-A9EA9B62D8E1}.Release|Any CPU.Build.0 = Release|Any CPU
		{158ED41F-71CB-4CDC-8269-24E89B3FCBE1}.Debug|Any CPU.ActiveCfg = Debug|Any CPU
		{158ED41F-71CB-4CDC-8269-24E89B3FCBE1}.Debug|Any CPU.Build.0 = Debug|Any CPU
		{158ED41F-71CB-4CDC-8269-24E89B3FCBE1}.Release|Any CPU.ActiveCfg = Release|Any CPU
		{158ED41F-71CB-4CDC-8269-24E89B3FCBE1}.Release|Any CPU.Build.0 = Release|Any CPU
		{42F8E8E1-2808-4722-8B4E-1945B51D3FFE}.Debug|Any CPU.ActiveCfg = Debug|Any CPU
		{42F8E8E1-2808-4722-8B4E-1945B51D3FFE}.Debug|Any CPU.Build.0 = Debug|Any CPU
		{42F8E8E1-2808-4722-8B4E-1945B51D3FFE}.Release|Any CPU.ActiveCfg = Release|Any CPU
		{42F8E8E1-2808-4722-8B4E-1945B51D3FFE}.Release|Any CPU.Build.0 = Release|Any CPU
		{0FA2C7F9-61D3-4F3F-9BBF-0D57460BEBF7}.Debug|Any CPU.ActiveCfg = Debug|Any CPU
		{0FA2C7F9-61D3-4F3F-9BBF-0D57460BEBF7}.Debug|Any CPU.Build.0 = Debug|Any CPU
		{0FA2C7F9-61D3-4F3F-9BBF-0D57460BEBF7}.Release|Any CPU.ActiveCfg = Release|Any CPU
		{0FA2C7F9-61D3-4F3F-9BBF-0D57460BEBF7}.Release|Any CPU.Build.0 = Release|Any CPU
		{FC453B1A-D854-4B4E-90C1-560DB6D16F91}.Debug|Any CPU.ActiveCfg = Debug|Any CPU
		{FC453B1A-D854-4B4E-90C1-560DB6D16F91}.Debug|Any CPU.Build.0 = Debug|Any CPU
		{FC453B1A-D854-4B4E-90C1-560DB6D16F91}.Release|Any CPU.ActiveCfg = Release|Any CPU
		{FC453B1A-D854-4B4E-90C1-560DB6D16F91}.Release|Any CPU.Build.0 = Release|Any CPU
		{1887F689-B015-4374-9699-38750FE900EC}.Debug|Any CPU.ActiveCfg = Debug|Any CPU
		{1887F689-B015-4374-9699-38750FE900EC}.Debug|Any CPU.Build.0 = Debug|Any CPU
		{1887F689-B015-4374-9699-38750FE900EC}.Release|Any CPU.ActiveCfg = Release|Any CPU
		{1887F689-B015-4374-9699-38750FE900EC}.Release|Any CPU.Build.0 = Release|Any CPU
		{9D3A905E-D9E6-48F2-B0A4-10C7971A50BC}.Debug|Any CPU.ActiveCfg = Debug|Any CPU
		{9D3A905E-D9E6-48F2-B0A4-10C7971A50BC}.Debug|Any CPU.Build.0 = Debug|Any CPU
		{9D3A905E-D9E6-48F2-B0A4-10C7971A50BC}.Release|Any CPU.ActiveCfg = Release|Any CPU
		{9D3A905E-D9E6-48F2-B0A4-10C7971A50BC}.Release|Any CPU.Build.0 = Release|Any CPU
	EndGlobalSection
	GlobalSection(SolutionProperties) = preSolution
		HideSolutionNode = FALSE
	EndGlobalSection
	GlobalSection(ExtensibilityGlobals) = postSolution
		SolutionGuid = {8BE8E17A-9550-4792-942F-819B960D32B3}
	EndGlobalSection
EndGlobal
